
Microsoft Visual Studio Solution File, Format Version 12.00
# Visual Studio 15
VisualStudioVersion = 15.0.26430.12
MinimumVisualStudioVersion = 10.0.40219.1
Project("{7CF6DF6D-3B04-46F8-A40B-537D21BCA0B4}") = "SerialPortTest_Documentation", "SerialPortTest_Documentation\SerialPortTest_Documentation.shfbproj", "{4F82E76A-777A-4AB5-AC7F-DAB7BF38FC5C}"
EndProject
Global
	GlobalSection(SolutionConfigurationPlatforms) = preSolution
		Debug|Any CPU = Debug|Any CPU
		Release|Any CPU = Release|Any CPU
	EndGlobalSection
	GlobalSection(ProjectConfigurationPlatforms) = postSolution
		{4F82E76A-777A-4AB5-AC7F-DAB7BF38FC5C}.Debug|Any CPU.ActiveCfg = Debug|Any CPU
		{4F82E76A-777A-4AB5-AC7F-DAB7BF38FC5C}.Debug|Any CPU.Build.0 = Debug|Any CPU
		{4F82E76A-777A-4AB5-AC7F-DAB7BF38FC5C}.Release|Any CPU.ActiveCfg = Release|Any CPU
		{4F82E76A-777A-4AB5-AC7F-DAB7BF38FC5C}.Release|Any CPU.Build.0 = Release|Any CPU
	EndGlobalSection
	GlobalSection(SolutionProperties) = preSolution
		HideSolutionNode = FALSE
	EndGlobalSection
EndGlobal
